
Microsoft Visual Studio Solution File, Format Version 12.00
# Visual Studio 15
VisualStudioVersion = 15.0.28307.1000
MinimumVisualStudioVersion = 10.0.40219.1
Project("{8BC9CEB8-8B4A-11D0-8D11-00A0C91BC942}") = "Project_Switch", "Project_Switch\Project_Switch.vcxproj", "{FE8BD817-FA47-4B7E-93A5-FDADA44931EC}"
EndProject
Global
	GlobalSection(SolutionConfigurationPlatforms) = preSolution
		Debug|Switch = Debug|Switch
		Release|Switch = Release|Switch
	EndGlobalSection
	GlobalSection(ProjectConfigurationPlatforms) = postSolution
		{FE8BD817-FA47-4B7E-93A5-FDADA44931EC}.Debug|Switch.ActiveCfg = Debug|x64
		{FE8BD817-FA47-4B7E-93A5-FDADA44931EC}.Debug|Switch.Build.0 = Debug|x64
		{FE8BD817-FA47-4B7E-93A5-FDADA44931EC}.Release|Switch.ActiveCfg = Release|x64
		{FE8BD817-FA47-4B7E-93A5-FDADA44931EC}.Release|Switch.Build.0 = Release|x64
	EndGlobalSection
	GlobalSection(SolutionProperties) = preSolution
		HideSolutionNode = FALSE
	EndGlobalSection
	GlobalSection(ExtensibilityGlobals) = postSolution
		SolutionGuid = {6346B751-45E6-4A0F-9CDC-99D4D0A1F4F3}
	EndGlobalSection
EndGlobal
